{
  "nodes": {
    "apple-silicon": {
      "inputs": {
        "nixpkgs": [
          "nixpkgs"
        ],
        "rust-overlay": "rust-overlay"
      },
      "locked": {
        "lastModified": 1679451428,
        "narHash": "sha256-Xk3WBlejWUpnuOnMZzTH7mV/bTRxKIrln871ba3uQjI=",
        "owner": "tpwrules",
        "repo": "nixos-apple-silicon",
        "rev": "696d7b4ac7ca05684a3cceedd44acfd0d1c5f1e3",
        "type": "github"
      },
      "original": {
        "owner": "tpwrules",
        "repo": "nixos-apple-silicon",
        "type": "github"
      }
    },
    "base16-nord-scheme": {
      "flake": false,
      "locked": {
        "lastModified": 1563608154,
        "narHash": "sha256-yQUSP/EXLwD9VpuYECLZYFtOEuJ85c1oeddghYPRLBU=",
        "owner": "spejamchr",
        "repo": "base16-nord-scheme",
        "rev": "6e83e1d56216762b4f250443af277a000f9d3c0b",
        "type": "github"
      },
      "original": {
        "owner": "spejamchr",
        "ref": "master",
        "repo": "base16-nord-scheme",
        "type": "github"
      }
    },
    "base16-solarized-scheme": {
      "flake": false,
      "locked": {
        "lastModified": 1589610909,
        "narHash": "sha256-jXBCcGrkBuAtrdSXZle2L/ROVwH3RlyknWktdacnNeM=",
        "owner": "mk12",
        "repo": "base16-solarized-scheme",
        "rev": "2d4a4b76688af3d2432e8849c7967c57b2afbfd7",
        "type": "github"
      },
      "original": {
        "owner": "mk12",
        "ref": "main",
        "repo": "base16-solarized-scheme",
        "type": "github"
      }
    },
    "base16-unclaimed-schemes": {
      "flake": false,
      "locked": {
        "lastModified": 1527170198,
        "narHash": "sha256-YV2tgexpyeLqm6d8WaBwT9QPAHT/gxhiFpxQq03xdhA=",
        "owner": "chriskempson",
        "repo": "base16-unclaimed-schemes",
        "rev": "d6b93456dc1012628faec572387814f59e0b854a",
        "type": "github"
      },
      "original": {
        "owner": "chriskempson",
        "repo": "base16-unclaimed-schemes",
        "type": "github"
      }
    },
    "crane": {
      "flake": false,
      "locked": {
        "lastModified": 1670900067,
        "narHash": "sha256-VXVa+KBfukhmWizaiGiHRVX/fuk66P8dgSFfkVN4/MY=",
        "owner": "ipetkov",
        "repo": "crane",
        "rev": "59b31b41a589c0a65e4a1f86b0e5eac68081468b",
        "type": "github"
      },
      "original": {
        "owner": "ipetkov",
        "repo": "crane",
        "type": "github"
      }
    },
    "dream2nix": {
      "inputs": {
        "alejandra": [
          "helix",
          "nci"
        ],
        "all-cabal-json": [
          "helix",
          "nci"
        ],
        "crane": "crane",
        "devshell": [
          "helix",
          "nci"
        ],
        "flake-parts": [
          "helix",
          "nci",
          "parts"
        ],
        "flake-utils-pre-commit": [
          "helix",
          "nci"
        ],
        "ghc-utils": [
          "helix",
          "nci"
        ],
        "gomod2nix": [
          "helix",
          "nci"
        ],
        "mach-nix": [
          "helix",
          "nci"
        ],
        "nix-pypi-fetcher": [
          "helix",
          "nci"
        ],
        "nixpkgs": [
          "helix",
          "nci",
          "nixpkgs"
        ],
        "poetry2nix": [
          "helix",
          "nci"
        ],
        "pre-commit-hooks": [
          "helix",
          "nci"
        ],
        "pruned-racket-catalog": [
          "helix",
          "nci"
        ]
      },
      "locked": {
        "lastModified": 1677289985,
        "narHash": "sha256-lUp06cTTlWubeBGMZqPl9jODM99LpWMcwxRiscFAUJg=",
        "owner": "nix-community",
        "repo": "dream2nix",
        "rev": "28b973a8d4c30cc1cbb3377ea2023a76bc3fb889",
        "type": "github"
      },
      "original": {
        "owner": "nix-community",
        "repo": "dream2nix",
        "type": "github"
      }
    },
    "flake-compat": {
      "flake": false,
      "locked": {
        "lastModified": 1673956053,
        "narHash": "sha256-4gtG9iQuiKITOjNQQeQIpoIB6b16fm+504Ch3sNKLd8=",
        "owner": "edolstra",
        "repo": "flake-compat",
        "rev": "35bb57c0c8d8b62bbfd284272c928ceb64ddbde9",
        "type": "github"
      },
      "original": {
        "owner": "edolstra",
        "repo": "flake-compat",
        "type": "github"
      }
    },
    "flake-utils": {
      "locked": {
        "lastModified": 1608663846,
        "narHash": "sha256-YOAXeoNLW0IubQ6AZLGuSj5kAD5n4DYXLYReLtyds1A=",
        "owner": "numtide",
        "repo": "flake-utils",
        "rev": "a68df93a37cd5137ac22ffeb2d8a03acf253cc24",
        "type": "github"
      },
      "original": {
        "owner": "numtide",
        "ref": "flatten-tree-system",
        "repo": "flake-utils",
        "type": "github"
      }
    },
    "flake-utils_2": {
      "locked": {
        "lastModified": 1659877975,
        "narHash": "sha256-zllb8aq3YO3h8B/U0/J1WBgAL8EX5yWf5pMj3G0NAmc=",
        "owner": "numtide",
        "repo": "flake-utils",
        "rev": "c0e246b9b83f637f4681389ecabcb2681b4f3af0",
        "type": "github"
      },
      "original": {
        "owner": "numtide",
        "repo": "flake-utils",
        "type": "github"
      }
    },
    "helix": {
      "inputs": {
        "nci": "nci",
        "nixpkgs": "nixpkgs",
        "parts": "parts_2",
        "rust-overlay": "rust-overlay_2"
      },
      "locked": {
        "lastModified": 1679878443,
        "narHash": "sha256-HOmebX5w335FGx4z1Ywg9TWHsFcgCJFmRLrgrs/ECGs=",
        "owner": "pinelang",
        "repo": "helix-tree-explorer",
        "rev": "cf9669f276dc223323d526d3dcf7c1bbc67a3922",
        "type": "github"
      },
      "original": {
        "owner": "pinelang",
        "ref": "tree_explore",
        "repo": "helix-tree-explorer",
        "type": "github"
      }
    },
    "home": {
      "inputs": {
        "nixpkgs": "nixpkgs_2"
      },
      "locked": {
        "lastModified": 1682977601,
        "narHash": "sha256-F1Va/Uiw2tVNn27FLqWyBkiqDyIm/eCamw9wA/GK8Fw=",
        "owner": "nix-community",
        "repo": "home-manager",
        "rev": "0e4c33d76006c9080d2f228ba1c2308e3e4d7be6",
        "type": "github"
      },
      "original": {
        "owner": "nix-community",
        "ref": "master",
        "repo": "home-manager",
        "type": "github"
      }
    },
    "master": {
      "locked": {
        "lastModified": 1683048793,
        "narHash": "sha256-XA1Y70qnX08eAYFfq4k9L1Bdu37+zm28B32w7d+155o=",
        "owner": "NixOS",
        "repo": "nixpkgs",
        "rev": "e4ad893057db74091ed0e3edf509a72fb83051df",
        "type": "github"
      },
      "original": {
        "owner": "NixOS",
        "ref": "master",
        "repo": "nixpkgs",
        "type": "github"
      }
    },
    "mk-naked-shell": {
      "flake": false,
      "locked": {
        "lastModified": 1676572903,
        "narHash": "sha256-oQoDHHUTxNVSURfkFcYLuAK+btjs30T4rbEUtCUyKy8=",
        "owner": "yusdacra",
        "repo": "mk-naked-shell",
        "rev": "aeca9f8aa592f5e8f71f407d081cb26fd30c5a57",
        "type": "github"
      },
      "original": {
        "owner": "yusdacra",
        "repo": "mk-naked-shell",
        "type": "github"
      }
    },
    "mpv-chapters": {
      "flake": false,
      "locked": {
        "lastModified": 1628445077,
        "narHash": "sha256-bzMZ4dPUfw2kA3KqzWJoF59ovs+jpQXNl3ZttoVF22w=",
        "owner": "zxhzxhz",
        "repo": "mpv-chapters",
        "rev": "5c69e3dc9f88ae927ea926bac097bcf947110a86",
        "type": "github"
      },
      "original": {
        "owner": "zxhzxhz",
        "ref": "master",
        "repo": "mpv-chapters",
        "type": "github"
      }
    },
    "mpv-scripts": {
      "flake": false,
      "locked": {
        "lastModified": 1600536768,
        "narHash": "sha256-UlxbHbQ5kO6UGNE1oqYpvin6ycRP4Zo+EtwCmz7VPyQ=",
        "owner": "wiiaboo",
        "repo": "mpv-scripts",
        "rev": "3b8f308656d0ece956f0cf7b1b510a1a5ab359a8",
        "type": "github"
      },
      "original": {
        "owner": "wiiaboo",
        "ref": "master",
        "repo": "mpv-scripts",
        "type": "github"
      }
    },
    "mpv-scroll-list": {
      "flake": false,
      "locked": {
        "lastModified": 1673868698,
        "narHash": "sha256-sxMsIhOzMJ0zETlR9UjMhFjhRaGTgaDNecQ/Vv76FqA=",
        "owner": "CogentRedTester",
        "repo": "mpv-scroll-list",
        "rev": "1a12e4adf7ac583c9207b422d19b9c4d33f4c715",
        "type": "github"
      },
      "original": {
        "owner": "CogentRedTester",
        "ref": "master",
        "repo": "mpv-scroll-list",
        "type": "github"
      }
    },
    "mpv-search-page": {
      "flake": false,
      "locked": {
        "lastModified": 1655300765,
        "narHash": "sha256-8RGujwqADWmR1DwVLJ2sOmEuvHCbMOqtT80eTaeUtMM=",
        "owner": "CogentRedTester",
        "repo": "mpv-search-page",
        "rev": "23c2b2d27ec1528bc8ea2cb1fd52c1aed8981f94",
        "type": "github"
      },
      "original": {
        "owner": "CogentRedTester",
        "ref": "master",
        "repo": "mpv-search-page",
        "type": "github"
      }
    },
    "mpv-user-input": {
      "flake": false,
      "locked": {
        "lastModified": 1673952782,
        "narHash": "sha256-X8N16aJZ7b0yFEn7JydHy9AfAx+54UdZ/MsrKIl3mlk=",
        "owner": "CogentRedTester",
        "repo": "mpv-user-input",
        "rev": "2b4de99560eeba90e3553c85825ffc24d3855df4",
        "type": "github"
      },
      "original": {
        "owner": "CogentRedTester",
        "ref": "master",
        "repo": "mpv-user-input",
        "type": "github"
      }
    },
    "naersk": {
      "inputs": {
        "nixpkgs": [
          "nixpkgs"
        ]
      },
      "locked": {
        "lastModified": 1679567394,
        "narHash": "sha256-ZvLuzPeARDLiQUt6zSZFGOs+HZmE+3g4QURc8mkBsfM=",
        "owner": "nmattia",
        "repo": "naersk",
        "rev": "88cd22380154a2c36799fe8098888f0f59861a15",
        "type": "github"
      },
      "original": {
        "owner": "nmattia",
        "repo": "naersk",
        "type": "github"
      }
    },
    "nci": {
      "inputs": {
        "dream2nix": "dream2nix",
        "mk-naked-shell": "mk-naked-shell",
        "nixpkgs": [
          "helix",
          "nixpkgs"
        ],
        "parts": "parts",
        "rust-overlay": [
          "helix",
          "rust-overlay"
        ]
      },
      "locked": {
        "lastModified": 1677297103,
        "narHash": "sha256-ArlJIbp9NGV9yvhZdV0SOUFfRlI/kHeKoCk30NbSiLc=",
        "owner": "yusdacra",
        "repo": "nix-cargo-integration",
        "rev": "a79272a2cb0942392bb3a5bf9a3ec6bc568795b2",
        "type": "github"
      },
      "original": {
        "owner": "yusdacra",
        "repo": "nix-cargo-integration",
        "type": "github"
      }
    },
    "nixpkgs": {
      "locked": {
        "lastModified": 1677063315,
        "narHash": "sha256-qiB4ajTeAOVnVSAwCNEEkoybrAlA+cpeiBxLobHndE8=",
        "owner": "nixos",
        "repo": "nixpkgs",
        "rev": "988cc958c57ce4350ec248d2d53087777f9e1949",
        "type": "github"
      },
      "original": {
        "owner": "nixos",
        "ref": "nixos-unstable",
        "repo": "nixpkgs",
        "type": "github"
      }
    },
    "nixpkgs-lib": {
      "locked": {
        "dir": "lib",
        "lastModified": 1675183161,
        "narHash": "sha256-Zq8sNgAxDckpn7tJo7V1afRSk2eoVbu3OjI1QklGLNg=",
        "owner": "NixOS",
        "repo": "nixpkgs",
        "rev": "e1e1b192c1a5aab2960bf0a0bd53a2e8124fa18e",
        "type": "github"
      },
      "original": {
        "dir": "lib",
        "owner": "NixOS",
        "ref": "nixos-unstable",
        "repo": "nixpkgs",
        "type": "github"
      }
    },
    "nixpkgs-mozilla": {
      "flake": false,
      "locked": {
        "lastModified": 1677493379,
        "narHash": "sha256-A1gO8zlWLv3+tZ3cGVB1WYvvoN9pbFyv0xIJHcTsckw=",
        "owner": "mozilla",
        "repo": "nixpkgs-mozilla",
        "rev": "78e723925daf5c9e8d0a1837ec27059e61649cb6",
        "type": "github"
      },
      "original": {
        "owner": "mozilla",
        "repo": "nixpkgs-mozilla",
        "type": "github"
      }
    },
    "nixpkgs_2": {
      "locked": {
        "lastModified": 1681920287,
        "narHash": "sha256-+/d6XQQfhhXVfqfLROJoqj3TuG38CAeoT6jO1g9r1k0=",
        "owner": "nixos",
        "repo": "nixpkgs",
        "rev": "645bc49f34fa8eff95479f0345ff57e55b53437e",
        "type": "github"
      },
      "original": {
        "owner": "nixos",
        "ref": "nixos-unstable",
        "repo": "nixpkgs",
        "type": "github"
      }
    },
    "nixpkgs_3": {
      "locked": {
        "lastModified": 1683048793,
        "narHash": "sha256-XA1Y70qnX08eAYFfq4k9L1Bdu37+zm28B32w7d+155o=",
        "owner": "NixOS",
        "repo": "nixpkgs",
        "rev": "e4ad893057db74091ed0e3edf509a72fb83051df",
        "type": "github"
      },
      "original": {
        "owner": "NixOS",
        "repo": "nixpkgs",
        "type": "github"
      }
    },
    "nord-dircolors": {
      "flake": false,
      "locked": {
        "lastModified": 1561186861,
        "narHash": "sha256-/1PZjKg56tgzmZuSA14zV2Kzi1W2NOyg+caIG5tRLrE=",
        "owner": "arcticicestudio",
        "repo": "nord-dircolors",
        "rev": "0059d2a73e1d41544bcc97619988c3a6d96d5109",
        "type": "github"
      },
      "original": {
        "owner": "arcticicestudio",
        "ref": "master",
        "repo": "nord-dircolors",
        "type": "github"
      }
    },
    "nur": {
      "locked": {
        "lastModified": 1683042307,
        "narHash": "sha256-NzMhWnwDoPbJznqjb7Wa6e/OoMBou8WCNYpimPx2eK0=",
        "owner": "nix-community",
        "repo": "NUR",
        "rev": "771b2b9028b19dfd3e7e1ac0173b35b03cd47053",
        "type": "github"
      },
      "original": {
        "owner": "nix-community",
        "repo": "NUR",
        "type": "github"
      }
    },
    "nvim": {
      "inputs": {
        "flake-compat": "flake-compat",
        "flake-utils": [
          "flake-utils"
        ],
        "nixpkgs": [
          "nixpkgs"
        ]
      },
      "locked": {
        "lastModified": 1680249006,
        "narHash": "sha256-CnP6THN5gvxgEXxF/vlH16BmPEhxFQ5/ybvXr24g7rA=",
        "owner": "QuentinI",
        "repo": "nvim",
        "rev": "d8fc0451577eda2b143451564e1ca180707f30ad",
        "type": "github"
      },
      "original": {
        "owner": "QuentinI",
        "repo": "nvim",
        "type": "github"
      }
    },
    "parts": {
      "inputs": {
        "nixpkgs-lib": [
          "helix",
          "nci",
          "nixpkgs"
        ]
      },
      "locked": {
        "lastModified": 1675933616,
        "narHash": "sha256-/rczJkJHtx16IFxMmAWu5nNYcSXNg1YYXTHoGjLrLUA=",
        "owner": "hercules-ci",
        "repo": "flake-parts",
        "rev": "47478a4a003e745402acf63be7f9a092d51b83d7",
        "type": "github"
      },
      "original": {
        "owner": "hercules-ci",
        "repo": "flake-parts",
        "type": "github"
      }
    },
    "parts_2": {
      "inputs": {
        "nixpkgs-lib": "nixpkgs-lib"
      },
      "locked": {
        "lastModified": 1675933616,
        "narHash": "sha256-/rczJkJHtx16IFxMmAWu5nNYcSXNg1YYXTHoGjLrLUA=",
        "owner": "hercules-ci",
        "repo": "flake-parts",
        "rev": "47478a4a003e745402acf63be7f9a092d51b83d7",
        "type": "github"
      },
      "original": {
        "owner": "hercules-ci",
        "repo": "flake-parts",
        "type": "github"
      }
    },
    "root": {
      "inputs": {
        "apple-silicon": "apple-silicon",
        "base16-nord-scheme": "base16-nord-scheme",
        "base16-solarized-scheme": "base16-solarized-scheme",
        "base16-unclaimed-schemes": "base16-unclaimed-schemes",
        "flake-utils": "flake-utils",
        "helix": "helix",
        "home": "home",
        "master": "master",
        "mpv-chapters": "mpv-chapters",
        "mpv-scripts": "mpv-scripts",
        "mpv-scroll-list": "mpv-scroll-list",
        "mpv-search-page": "mpv-search-page",
        "mpv-user-input": "mpv-user-input",
        "naersk": "naersk",
        "nixpkgs": "nixpkgs_3",
        "nixpkgs-mozilla": "nixpkgs-mozilla",
        "nord-dircolors": "nord-dircolors",
        "nur": "nur",
        "nvim": "nvim",
        "secrets": "secrets"
      }
    },
    "rust-overlay": {
      "flake": false,
      "locked": {
        "lastModified": 1675132198,
        "narHash": "sha256-izOVjdIfdv0OzcfO9rXX0lfGkQn4tdJ0eNm3P3LYo/o=",
        "owner": "oxalica",
        "repo": "rust-overlay",
        "rev": "48b1403150c3f5a9aeee8bc4c77c8926f29c6501",
        "type": "github"
      },
      "original": {
        "owner": "oxalica",
        "repo": "rust-overlay",
        "type": "github"
      }
    },
    "rust-overlay_2": {
      "inputs": {
        "flake-utils": "flake-utils_2",
        "nixpkgs": [
          "helix",
          "nixpkgs"
        ]
      },
      "locked": {
        "lastModified": 1677292251,
        "narHash": "sha256-D+6q5Z2MQn3UFJtqsM5/AvVHi3NXKZTIMZt1JGq/spA=",
        "owner": "oxalica",
        "repo": "rust-overlay",
        "rev": "34cdbf6ad480ce13a6a526f57d8b9e609f3d65dc",
        "type": "github"
      },
      "original": {
        "owner": "oxalica",
        "repo": "rust-overlay",
        "type": "github"
      }
    },
    "secrets": {
      "locked": {
        "lastModified": 1612871319,
        "narHash": "sha256-HGB2f7sYapOZqmQNBrIWSpMZjLfDvZvNAaG58cnk18w=",
        "owner": "QuentinI",
        "repo": "dummy-flake",
        "rev": "2f32cf683787a5ca6bc34e3477909697fcc6c327",
        "type": "github"
      },
      "original": {
        "owner": "QuentinI",
        "repo": "dummy-flake",
        "type": "github"
      }
    }
  },
  "root": "root",
  "version": 7
}
