{
  "nodes": {
    "base16-nord-scheme": {
      "flake": false,
      "locked": {
        "lastModified": 1563608154,
        "narHash": "sha256-yQUSP/EXLwD9VpuYECLZYFtOEuJ85c1oeddghYPRLBU=",
        "owner": "spejamchr",
        "repo": "base16-nord-scheme",
        "rev": "6e83e1d56216762b4f250443af277a000f9d3c0b",
        "type": "github"
      },
      "original": {
        "owner": "spejamchr",
        "ref": "master",
        "repo": "base16-nord-scheme",
        "type": "github"
      }
    },
    "deploy-rs": {
      "inputs": {
        "flake-compat": "flake-compat",
        "naersk": "naersk",
        "nixpkgs": "nixpkgs",
        "utils": "utils"
      },
      "locked": {
        "lastModified": 1625729093,
        "narHash": "sha256-hpo8T7mlVEpHpZIYqhxqt5i/XY8eu4p66MrAg/MCuVY=",
        "owner": "serokell",
        "repo": "deploy-rs",
        "rev": "587cbcfe8d3ea05c5bb153764d3617012ef28c86",
        "type": "github"
      },
      "original": {
        "owner": "serokell",
        "repo": "deploy-rs",
        "type": "github"
      }
    },
    "emacs-overlay": {
      "locked": {
        "lastModified": 1625822801,
        "narHash": "sha256-oX3Sd67LMcWj6U5lJgENmcNhQB85h3n6elOUsJM6yvU=",
        "owner": "nix-community",
        "repo": "emacs-overlay",
        "rev": "8925f488f042c17cb122e9f719e9f8ccdcd5b931",
        "type": "github"
      },
      "original": {
        "owner": "nix-community",
        "ref": "master",
        "repo": "emacs-overlay",
        "type": "github"
      }
    },
    "flake-compat": {
      "flake": false,
      "locked": {
        "lastModified": 1606424373,
        "narHash": "sha256-oq8d4//CJOrVj+EcOaSXvMebvuTkmBJuT5tzlfewUnQ=",
        "owner": "edolstra",
        "repo": "flake-compat",
        "rev": "99f1c2157fba4bfe6211a321fd0ee43199025dbf",
        "type": "github"
      },
      "original": {
        "owner": "edolstra",
        "repo": "flake-compat",
        "type": "github"
      }
    },
    "flake-utils": {
      "locked": {
        "lastModified": 1608663846,
        "narHash": "sha256-YOAXeoNLW0IubQ6AZLGuSj5kAD5n4DYXLYReLtyds1A=",
        "owner": "numtide",
        "repo": "flake-utils",
        "rev": "a68df93a37cd5137ac22ffeb2d8a03acf253cc24",
        "type": "github"
      },
      "original": {
        "owner": "numtide",
        "ref": "flatten-tree-system",
        "repo": "flake-utils",
        "type": "github"
      }
    },
    "home": {
      "inputs": {
        "nixpkgs": "nixpkgs_2"
      },
      "locked": {
        "lastModified": 1625694413,
        "narHash": "sha256-goRLk1I/OMclS9i17g932wyHyjiKI+htbuFIWIkzTbw=",
        "owner": "nix-community",
        "repo": "home-manager",
        "rev": "06ee8ec8dfc4554c374052cd7b7083765748af99",
        "type": "github"
      },
      "original": {
        "owner": "nix-community",
        "ref": "master",
        "repo": "home-manager",
        "type": "github"
      }
    },
    "master": {
      "locked": {
        "lastModified": 1625826043,
        "narHash": "sha256-DCYnf8Uzzg+W2Gw6pZu4ykO7BjeYw3JWUXEXUEx67JI=",
        "owner": "NixOS",
        "repo": "nixpkgs",
        "rev": "5dbe52bf0c1462f69a2d666ae37e6a00927eeb6f",
        "type": "github"
      },
      "original": {
        "id": "nixpkgs",
        "ref": "master",
        "type": "indirect"
      }
    },
    "naersk": {
      "inputs": {
        "nixpkgs": [
          "nixpkgs"
        ]
      },
      "locked": {
        "lastModified": 1622810282,
        "narHash": "sha256-4wmvM3/xfD0hCdNDIXVzRMfL4yB1J+DjH6Zte2xbAxk=",
        "owner": "nmattia",
        "repo": "naersk",
        "rev": "e8061169e1495871b56be97c5c51d310fae01374",
        "type": "github"
      },
      "original": {
        "owner": "nmattia",
        "ref": "master",
        "repo": "naersk",
        "type": "github"
      }
    },
    "nixpkgs": {
      "locked": {
        "lastModified": 1622972307,
        "narHash": "sha256-ENOu0FPCf95iLLoq2txhJtnA2ZpOFhIVBqQVbKM8ra0=",
        "owner": "NixOS",
        "repo": "nixpkgs",
        "rev": "d8eb97e3801bde96491535f40483d550b57605b9",
        "type": "github"
      },
      "original": {
        "owner": "NixOS",
        "ref": "nixpkgs-unstable",
        "repo": "nixpkgs",
        "type": "github"
      }
    },
    "nixpkgs_2": {
      "locked": {
        "lastModified": 1622545032,
        "narHash": "sha256-1Y+2LFqnMBEH9OZzMBdLWl6GWFt/xzNz0V5X+m05Ing=",
        "path": "/nix/store/ypgnj9x286v31wf3061j60vqmyq7pc45-source",
        "rev": "1c2986bbb806c57f9470bf3231d8da7250ab9091",
        "type": "path"
      },
      "original": {
        "id": "nixpkgs",
        "type": "indirect"
      }
    },
    "nixpkgs_3": {
      "locked": {
        "lastModified": 1625697353,
        "narHash": "sha256-/v85RkZ0Z+lxipkG2sjYNRINktc8VySbLQmPbirY0hQ=",
        "owner": "NixOS",
        "repo": "nixpkgs",
        "rev": "87807e64a5ef5206b745a40af118c7be8db73681",
        "type": "github"
      },
      "original": {
        "id": "nixpkgs",
        "ref": "nixos-unstable",
        "type": "indirect"
      }
    },
    "nur": {
      "flake": false,
      "locked": {
        "lastModified": 1625815881,
        "narHash": "sha256-+Rnx+asiMsaTbhI0eEb0DzY0xcRCV3qAhihSV0uBNps=",
        "owner": "nix-community",
        "repo": "NUR",
        "rev": "45d16fd23d813beb58a49a9db7d17036db7b2ed7",
        "type": "github"
      },
      "original": {
        "owner": "nix-community",
        "repo": "NUR",
        "type": "github"
      }
    },
    "root": {
      "inputs": {
        "base16-nord-scheme": "base16-nord-scheme",
        "deploy-rs": "deploy-rs",
        "emacs-overlay": "emacs-overlay",
        "flake-utils": "flake-utils",
        "home": "home",
        "master": "master",
        "nixpkgs": "nixpkgs_3",
        "nur": "nur",
        "secrets": "secrets",
        "stable": "stable",
        "vim-plug": "vim-plug"
      }
    },
    "secrets": {
      "locked": {
        "lastModified": 1612871319,
        "narHash": "sha256-HGB2f7sYapOZqmQNBrIWSpMZjLfDvZvNAaG58cnk18w=",
        "owner": "QuentinI",
        "repo": "dummy-flake",
        "rev": "2f32cf683787a5ca6bc34e3477909697fcc6c327",
        "type": "github"
      },
      "original": {
        "owner": "QuentinI",
        "repo": "dummy-flake",
        "type": "github"
      }
    },
    "stable": {
      "locked": {
        "lastModified": 1625503722,
        "narHash": "sha256-yT1kHEvddDEs2HWJEelc+R2/azR+G7aiETRppaRFYhc=",
        "owner": "NixOS",
        "repo": "nixpkgs",
        "rev": "359e6542e1d41eb18df55c82bdb08bf738fae2cf",
        "type": "github"
      },
      "original": {
        "id": "nixpkgs",
        "ref": "release-20.09",
        "type": "indirect"
      }
    },
    "utils": {
      "locked": {
        "lastModified": 1622445595,
        "narHash": "sha256-m+JRe6Wc5OZ/mKw2bB3+Tl0ZbtyxxxfnAWln8Q5qs+Y=",
        "owner": "numtide",
        "repo": "flake-utils",
        "rev": "7d706970d94bc5559077eb1a6600afddcd25a7c8",
        "type": "github"
      },
      "original": {
        "owner": "numtide",
        "repo": "flake-utils",
        "type": "github"
      }
    },
    "vim-plug": {
      "flake": false,
      "locked": {
        "lastModified": 1619767744,
        "narHash": "sha256-k32+ClhsWgmusKK3/8C0WrpyC1SlvdKDkLqEfwJHVDs=",
        "owner": "junegunn",
        "repo": "vim-plug",
        "rev": "fc2813ef4484c7a5c080021ceaa6d1f70390d920",
        "type": "github"
      },
      "original": {
        "owner": "junegunn",
        "repo": "vim-plug",
        "type": "github"
      }
    }
  },
  "root": "root",
  "version": 7
}
