{
  "nodes": {
    "base16-nord-scheme": {
      "flake": false,
      "locked": {
        "lastModified": 1563608154,
        "narHash": "sha256-yQUSP/EXLwD9VpuYECLZYFtOEuJ85c1oeddghYPRLBU=",
        "owner": "spejamchr",
        "repo": "base16-nord-scheme",
        "rev": "6e83e1d56216762b4f250443af277a000f9d3c0b",
        "type": "github"
      },
      "original": {
        "owner": "spejamchr",
        "ref": "master",
        "repo": "base16-nord-scheme",
        "type": "github"
      }
    },
    "deploy-rs": {
      "inputs": {
        "flake-compat": "flake-compat",
        "naersk": "naersk",
        "nixpkgs": "nixpkgs",
        "utils": "utils"
      },
      "locked": {
        "lastModified": 1621509262,
        "narHash": "sha256-XyCLtTVTQPXM5LXA1vffP27/tWwEn9VVESESHYNNMFA=",
        "owner": "serokell",
        "repo": "deploy-rs",
        "rev": "d2d05e1357b84d5d70a3acba866c01eca2e4e2aa",
        "type": "github"
      },
      "original": {
        "owner": "serokell",
        "repo": "deploy-rs",
        "type": "github"
      }
    },
    "emacs-overlay": {
      "locked": {
        "lastModified": 1622886185,
        "narHash": "sha256-6LaRFvKMczOpwleBNUbVrrArN6WB11mUbQWpsgqSjcU=",
        "owner": "nix-community",
        "repo": "emacs-overlay",
        "rev": "4304defaa2d64bac6fcf20cfcfac65198174e33b",
        "type": "github"
      },
      "original": {
        "owner": "nix-community",
        "ref": "master",
        "repo": "emacs-overlay",
        "type": "github"
      }
    },
    "flake-compat": {
      "flake": false,
      "locked": {
        "lastModified": 1606424373,
        "narHash": "sha256-oq8d4//CJOrVj+EcOaSXvMebvuTkmBJuT5tzlfewUnQ=",
        "owner": "edolstra",
        "repo": "flake-compat",
        "rev": "99f1c2157fba4bfe6211a321fd0ee43199025dbf",
        "type": "github"
      },
      "original": {
        "owner": "edolstra",
        "repo": "flake-compat",
        "type": "github"
      }
    },
    "flake-utils": {
      "locked": {
        "lastModified": 1608663846,
        "narHash": "sha256-YOAXeoNLW0IubQ6AZLGuSj5kAD5n4DYXLYReLtyds1A=",
        "owner": "numtide",
        "repo": "flake-utils",
        "rev": "a68df93a37cd5137ac22ffeb2d8a03acf253cc24",
        "type": "github"
      },
      "original": {
        "owner": "numtide",
        "ref": "flatten-tree-system",
        "repo": "flake-utils",
        "type": "github"
      }
    },
    "home": {
      "inputs": {
        "nixpkgs": "nixpkgs_2"
      },
      "locked": {
        "lastModified": 1622753049,
        "narHash": "sha256-clDbg4Lg4RGHJnGBLi2jp5kV4+01P42dAYB0imNmrhU=",
        "owner": "nix-community",
        "repo": "home-manager",
        "rev": "45f9cb06a9152ca367edc3e7eaa5449338885167",
        "type": "github"
      },
      "original": {
        "owner": "nix-community",
        "ref": "master",
        "repo": "home-manager",
        "type": "github"
      }
    },
    "master": {
      "locked": {
        "lastModified": 1622906456,
        "narHash": "sha256-ZIv4fSaB4rkom/Xx29hW+S7y83LmPW9sXy8GXRVB/L0=",
        "owner": "NixOS",
        "repo": "nixpkgs",
        "rev": "db0abdd87e0acb832ff9fcde4b1e8587e020b184",
        "type": "github"
      },
      "original": {
        "id": "nixpkgs",
        "ref": "master",
        "type": "indirect"
      }
    },
    "naersk": {
      "inputs": {
        "nixpkgs": [
          "nixpkgs"
        ]
      },
      "locked": {
        "lastModified": 1610392286,
        "narHash": "sha256-3wFl5y+4YZO4SgRYK8WE7JIS3p0sxbgrGaQ6RMw+d98=",
        "owner": "nmattia",
        "repo": "naersk",
        "rev": "d7bfbad3304fd768c0f93a4c3b50976275e6d4be",
        "type": "github"
      },
      "original": {
        "owner": "nmattia",
        "ref": "master",
        "repo": "naersk",
        "type": "github"
      }
    },
    "nixpkgs": {
      "locked": {
        "lastModified": 1610942247,
        "narHash": "sha256-PKo1ATAlC6BmfYSRmX0TVmNoFbrec+A5OKcabGEu2yU=",
        "owner": "NixOS",
        "repo": "nixpkgs",
        "rev": "7d71001b796340b219d1bfa8552c81995017544a",
        "type": "github"
      },
      "original": {
        "owner": "NixOS",
        "ref": "nixpkgs-unstable",
        "repo": "nixpkgs",
        "type": "github"
      }
    },
    "nixpkgs_2": {
      "locked": {
        "lastModified": 1622282707,
        "narHash": "sha256-+GOrUDsdneUqrOm9d+9bHXjEVoVcU8tm14WGVzbt6gg=",
        "path": "/nix/store/9za793c35j4rnawwf2n2wpbwwnah1rq9-source",
        "rev": "6933d068c5d2fcff398e802f7c4e271bbdab6705",
        "type": "path"
      },
      "original": {
        "id": "nixpkgs",
        "type": "indirect"
      }
    },
    "nixpkgs_3": {
      "locked": {
        "lastModified": 1622545032,
        "narHash": "sha256-1Y+2LFqnMBEH9OZzMBdLWl6GWFt/xzNz0V5X+m05Ing=",
        "owner": "NixOS",
        "repo": "nixpkgs",
        "rev": "1c2986bbb806c57f9470bf3231d8da7250ab9091",
        "type": "github"
      },
      "original": {
        "id": "nixpkgs",
        "ref": "nixos-unstable",
        "type": "indirect"
      }
    },
    "nur": {
      "flake": false,
      "locked": {
        "lastModified": 1622905724,
        "narHash": "sha256-42N6A9WBU4gnsLu9FsPlfnnXOk8TElL8tH7Lff0Zd1M=",
        "owner": "nix-community",
        "repo": "NUR",
        "rev": "cb7038a463e03dcafbc67910d5a6df21c47e6cb1",
        "type": "github"
      },
      "original": {
        "owner": "nix-community",
        "repo": "NUR",
        "type": "github"
      }
    },
    "root": {
      "inputs": {
        "base16-nord-scheme": "base16-nord-scheme",
        "deploy-rs": "deploy-rs",
        "emacs-overlay": "emacs-overlay",
        "flake-utils": "flake-utils",
        "home": "home",
        "master": "master",
        "nixpkgs": "nixpkgs_3",
        "nur": "nur",
        "secrets": "secrets",
        "stable": "stable",
        "vim-plug": "vim-plug"
      }
    },
    "secrets": {
      "locked": {
        "lastModified": 1612871319,
        "narHash": "sha256-HGB2f7sYapOZqmQNBrIWSpMZjLfDvZvNAaG58cnk18w=",
        "owner": "QuentinI",
        "repo": "dummy-flake",
        "rev": "2f32cf683787a5ca6bc34e3477909697fcc6c327",
        "type": "github"
      },
      "original": {
        "owner": "QuentinI",
        "repo": "dummy-flake",
        "type": "github"
      }
    },
    "stable": {
      "locked": {
        "lastModified": 1622828503,
        "narHash": "sha256-zL5qrIahrM1Cz26q/OeZ69+gXzd+wm+M5TM57YU6S2I=",
        "owner": "NixOS",
        "repo": "nixpkgs",
        "rev": "f1e16420c3a9183c38485db123638370b7cbd80f",
        "type": "github"
      },
      "original": {
        "id": "nixpkgs",
        "ref": "release-20.09",
        "type": "indirect"
      }
    },
    "utils": {
      "locked": {
        "lastModified": 1610051610,
        "narHash": "sha256-U9rPz/usA1/Aohhk7Cmc2gBrEEKRzcW4nwPWMPwja4Y=",
        "owner": "numtide",
        "repo": "flake-utils",
        "rev": "3982c9903e93927c2164caa727cd3f6a0e6d14cc",
        "type": "github"
      },
      "original": {
        "owner": "numtide",
        "repo": "flake-utils",
        "type": "github"
      }
    },
    "vim-plug": {
      "flake": false,
      "locked": {
        "lastModified": 1619767744,
        "narHash": "sha256-k32+ClhsWgmusKK3/8C0WrpyC1SlvdKDkLqEfwJHVDs=",
        "owner": "junegunn",
        "repo": "vim-plug",
        "rev": "fc2813ef4484c7a5c080021ceaa6d1f70390d920",
        "type": "github"
      },
      "original": {
        "owner": "junegunn",
        "repo": "vim-plug",
        "type": "github"
      }
    }
  },
  "root": "root",
  "version": 7
}
